// !$*UTF8*$!
{
	archiveVersion = 1;
	classes = {
	};
	objectVersion = 77;
	objects = {

/* Begin PBXBuildFile section */
		BE6B36742FF09314000D64A1 /* Switchback Icon.icon in Resources */ = {isa = PBXBuildFile; fileRef = BE6B36732FF09314000D64A1 /* Switchback Icon.icon */; };
		BE6B36752FF09314000D64A1 /* Switchback Icon.icon in Resources */ = {isa = PBXBuildFile; fileRef = BE6B36732FF09314000D64A1 /* Switchback Icon.icon */; };
		BE6B36762FF09314000D64A1 /* Switchback Icon.icon in Resources */ = {isa = PBXBuildFile; fileRef = BE6B36732FF09314000D64A1 /* Switchback Icon.icon */; };
		BEEA5D922FEF767A00EDC9BB /* .gitignore in Resources */ = {isa = PBXBuildFile; fileRef = BEEA5D912FEF767A00EDC9BB /* .gitignore */; };
		BEEA5D932FEF767A00EDC9BB /* .gitignore in Resources */ = {isa = PBXBuildFile; fileRef = BEEA5D912FEF767A00EDC9BB /* .gitignore */; };
		BEEA5D942FEF767A00EDC9BB /* .gitignore in Resources */ = {isa = PBXBuildFile; fileRef = BEEA5D912FEF767A00EDC9BB /* .gitignore */; };
/* End PBXBuildFile section */

/* Begin PBXContainerItemProxy section */
		6E6F9BFE2FD68A7200A94BEE /* PBXContainerItemProxy */ = {
			isa = PBXContainerItemProxy;
			containerPortal = 6E6F9BE62FD68A7100A94BEE /* Project object */;
			proxyType = 1;
			remoteGlobalIDString = 6E6F9BED2FD68A7100A94BEE;
			remoteInfo = DriverStats;
		};
		6E6F9C082FD68A7200A94BEE /* PBXContainerItemProxy */ = {
			isa = PBXContainerItemProxy;
			containerPortal = 6E6F9BE62FD68A7100A94BEE /* Project object */;
			proxyType = 1;
			remoteGlobalIDString = 6E6F9BED2FD68A7100A94BEE;
			remoteInfo = DriverStats;
		};
/* End PBXContainerItemProxy section */

/* Begin PBXFileReference section */
		6E6F9BEE2FD68A7100A94BEE /* Switchback.app */ = {isa = PBXFileReference; explicitFileType = wrapper.application; includeInIndex = 0; path = Switchback.app; sourceTree = BUILT_PRODUCTS_DIR; };
		6E6F9BFD2FD68A7200A94BEE /* SwitchbackTests.xctest */ = {isa = PBXFileReference; explicitFileType = wrapper.cfbundle; includeInIndex = 0; path = SwitchbackTests.xctest; sourceTree = BUILT_PRODUCTS_DIR; };
		6E6F9C072FD68A7200A94BEE /* SwitchbackUITests.xctest */ = {isa = PBXFileReference; explicitFileType = wrapper.cfbundle; includeInIndex = 0; path = SwitchbackUITests.xctest; sourceTree = BUILT_PRODUCTS_DIR; };
		6E6F9C202FD6992500A94BEE /* DrivingStats-Info.plist */ = {isa = PBXFileReference; lastKnownFileType = text.plist; path = "DrivingStats-Info.plist"; sourceTree = "<group>"; };
		BE6B36732FF09314000D64A1 /* Switchback Icon.icon */ = {isa = PBXFileReference; lastKnownFileType = folder.iconcomposer.icon; path = "Switchback Icon.icon"; sourceTree = "<group>"; };
		BEEA5D912FEF767A00EDC9BB /* .gitignore */ = {isa = PBXFileReference; lastKnownFileType = text; path = .gitignore; sourceTree = "<group>"; };
/* End PBXFileReference section */

/* Begin PBXFileSystemSynchronizedRootGroup section */
		6E6F9BF02FD68A7100A94BEE /* DriverStats */ = {
			isa = PBXFileSystemSynchronizedRootGroup;
			path = DriverStats;
			sourceTree = "<group>";
		};
		6E6F9C002FD68A7200A94BEE /* DriverStatsTests */ = {
			isa = PBXFileSystemSynchronizedRootGroup;
			path = DriverStatsTests;
			sourceTree = "<group>";
		};
		6E6F9C0A2FD68A7200A94BEE /* DriverStatsUITests */ = {
			isa = PBXFileSystemSynchronizedRootGroup;
			path = DriverStatsUITests;
			sourceTree = "<group>";
		};
/* End PBXFileSystemSynchronizedRootGroup section */

/* Begin PBXFrameworksBuildPhase section */
		6E6F9BEB2FD68A7100A94BEE /* Frameworks */ = {
			isa = PBXFrameworksBuildPhase;
			buildActionMask = 2147483647;
			files = (
			);
			runOnlyForDeploymentPostprocessing = 0;
		};
		6E6F9BFA2FD68A7200A94BEE /* Frameworks */ = {
			isa = PBXFrameworksBuildPhase;
			buildActionMask = 2147483647;
			files = (
			);
			runOnlyForDeploymentPostprocessing = 0;
		};
		6E6F9C042FD68A7200A94BEE /* Frameworks */ = {
			isa = PBXFrameworksBuildPhase;
			buildActionMask = 2147483647;
			files = (
			);
			runOnlyForDeploymentPostprocessing = 0;
		};
/* End PBXFrameworksBuildPhase section */

/* Begin PBXGroup section */
		6E6F9BE52FD68A7100A94BEE = {
			isa = PBXGroup;
			children = (
				6E6F9C202FD6992500A94BEE /* DrivingStats-Info.plist */,
				6E6F9BF02FD68A7100A94BEE /* DriverStats */,
				6E6F9C002FD68A7200A94BEE /* DriverStatsTests */,
				6E6F9C0A2FD68A7200A94BEE /* DriverStatsUITests */,
				6E6F9BEF2FD68A7100A94BEE /* Products */,
				BEEA5D912FEF767A00EDC9BB /* .gitignore */,
				BE6B36732FF09314000D64A1 /* Switchback Icon.icon */,
			);
			sourceTree = "<group>";
		};
		6E6F9BEF2FD68A7100A94BEE /* Products */ = {
			isa = PBXGroup;
			children = (
				6E6F9BEE2FD68A7100A94BEE /* Switchback.app */,
				6E6F9BFD2FD68A7200A94BEE /* SwitchbackTests.xctest */,
				6E6F9C072FD68A7200A94BEE /* SwitchbackUITests.xctest */,
			);
			name = Products;
			sourceTree = "<group>";
		};
/* End PBXGroup section */

/* Begin PBXNativeTarget section */
		6E6F9BED2FD68A7100A94BEE /* Switchback */ = {
			isa = PBXNativeTarget;
			buildConfigurationList = 6E6F9C112FD68A7200A94BEE /* Build configuration list for PBXNativeTarget "Switchback" */;
			buildPhases = (
				6E6F9BEA2FD68A7100A94BEE /* Sources */,
				6E6F9BEB2FD68A7100A94BEE /* Frameworks */,
				6E6F9BEC2FD68A7100A94BEE /* Resources */,
			);
			buildRules = (
			);
			dependencies = (
			);
			fileSystemSynchronizedGroups = (
				6E6F9BF02FD68A7100A94BEE /* DriverStats */,
			);
			name = Switchback;
			packageProductDependencies = (
			);
			productName = DriverStats;
			productReference = 6E6F9BEE2FD68A7100A94BEE /* Switchback.app */;
			productType = "com.apple.product-type.application";
		};
		6E6F9BFC2FD68A7200A94BEE /* SwitchbackTests */ = {
			isa = PBXNativeTarget;
			buildConfigurationList = 6E6F9C142FD68A7200A94BEE /* Build configuration list for PBXNativeTarget "SwitchbackTests" */;
			buildPhases = (
				6E6F9BF92FD68A7200A94BEE /* Sources */,
				6E6F9BFA2FD68A7200A94BEE /* Frameworks */,
				6E6F9BFB2FD68A7200A94BEE /* Resources */,
			);
			buildRules = (
			);
			dependencies = (
				6E6F9BFF2FD68A7200A94BEE /* PBXTargetDependency */,
			);
			fileSystemSynchronizedGroups = (
				6E6F9C002FD68A7200A94BEE /* DriverStatsTests */,
			);
			name = SwitchbackTests;
			packageProductDependencies = (
			);
			productName = DriverStatsTests;
			productReference = 6E6F9BFD2FD68A7200A94BEE /* SwitchbackTests.xctest */;
			productType = "com.apple.product-type.bundle.unit-test";
		};
		6E6F9C062FD68A7200A94BEE /* SwitchbackUITests */ = {
			isa = PBXNativeTarget;
			buildConfigurationList = 6E6F9C172FD68A7200A94BEE /* Build configuration list for PBXNativeTarget "SwitchbackUITests" */;
			buildPhases = (
				6E6F9C032FD68A7200A94BEE /* Sources */,
				6E6F9C042FD68A7200A94BEE /* Frameworks */,
				6E6F9C052FD68A7200A94BEE /* Resources */,
			);
			buildRules = (
			);
			dependencies = (
				6E6F9C092FD68A7200A94BEE /* PBXTargetDependency */,
			);
			fileSystemSynchronizedGroups = (
				6E6F9C0A2FD68A7200A94BEE /* DriverStatsUITests */,
			);
			name = SwitchbackUITests;
			packageProductDependencies = (
			);
			productName = DriverStatsUITests;
			productReference = 6E6F9C072FD68A7200A94BEE /* SwitchbackUITests.xctest */;
			productType = "com.apple.product-type.bundle.ui-testing";
		};
/* End PBXNativeTarget section */

/* Begin PBXProject section */
		6E6F9BE62FD68A7100A94BEE /* Project object */ = {
			isa = PBXProject;
			attributes = {
				BuildIndependentTargetsInParallel = 1;
				LastSwiftUpdateCheck = 2650;
				LastUpgradeCheck = 2700;
				TargetAttributes = {
					6E6F9BED2FD68A7100A94BEE = {
						CreatedOnToolsVersion = 26.5;
					};
					6E6F9BFC2FD68A7200A94BEE = {
						CreatedOnToolsVersion = 26.5;
						TestTargetID = 6E6F9BED2FD68A7100A94BEE;
					};
					6E6F9C062FD68A7200A94BEE = {
						CreatedOnToolsVersion = 26.5;
						TestTargetID = 6E6F9BED2FD68A7100A94BEE;
					};
				};
			};
			buildConfigurationList = 6E6F9BE92FD68A7100A94BEE /* Build configuration list for PBXProject "Switchback" */;
			developmentRegion = en;
			hasScannedForEncodings = 0;
			knownRegions = (
				en,
				Base,
			);
			mainGroup = 6E6F9BE52FD68A7100A94BEE;
			minimizedProjectReferenceProxies = 1;
			preferredProjectObjectVersion = 77;
			productRefGroup = 6E6F9BEF2FD68A7100A94BEE /* Products */;
			projectDirPath = "";
			projectRoot = "";
			targets = (
				6E6F9BED2FD68A7100A94BEE /* Switchback */,
				6E6F9BFC2FD68A7200A94BEE /* SwitchbackTests */,
				6E6F9C062FD68A7200A94BEE /* SwitchbackUITests */,
			);
		};
/* End PBXProject section */

/* Begin PBXResourcesBuildPhase section */
		6E6F9BEC2FD68A7100A94BEE /* Resources */ = {
			isa = PBXResourcesBuildPhase;
			buildActionMask = 2147483647;
			files = (
				BE6B36742FF09314000D64A1 /* Switchback Icon.icon in Resources */,
				BEEA5D922FEF767A00EDC9BB /* .gitignore in Resources */,
			);
			runOnlyForDeploymentPostprocessing = 0;
		};
		6E6F9BFB2FD68A7200A94BEE /* Resources */ = {
			isa = PBXResourcesBuildPhase;
			buildActionMask = 2147483647;
			files = (
				BE6B36762FF09314000D64A1 /* Switchback Icon.icon in Resources */,
				BEEA5D932FEF767A00EDC9BB /* .gitignore in Resources */,
			);
			runOnlyForDeploymentPostprocessing = 0;
		};
		6E6F9C052FD68A7200A94BEE /* Resources */ = {
			isa = PBXResourcesBuildPhase;
			buildActionMask = 2147483647;
			files = (
				BE6B36752FF09314000D64A1 /* Switchback Icon.icon in Resources */,
				BEEA5D942FEF767A00EDC9BB /* .gitignore in Resources */,
			);
			runOnlyForDeploymentPostprocessing = 0;
		};
/* End PBXResourcesBuildPhase section */

/* Begin PBXSourcesBuildPhase section */
		6E6F9BEA2FD68A7100A94BEE /* Sources */ = {
			isa = PBXSourcesBuildPhase;
			buildActionMask = 2147483647;
			files = (
			);
			runOnlyForDeploymentPostprocessing = 0;
		};
		6E6F9BF92FD68A7200A94BEE /* Sources */ = {
			isa = PBXSourcesBuildPhase;
			buildActionMask = 2147483647;
			files = (
			);
			runOnlyForDeploymentPostprocessing = 0;
		};
		6E6F9C032FD68A7200A94BEE /* Sources */ = {
			isa = PBXSourcesBuildPhase;
			buildActionMask = 2147483647;
			files = (
			);
			runOnlyForDeploymentPostprocessing = 0;
		};
/* End PBXSourcesBuildPhase section */

/* Begin PBXTargetDependency section */
		6E6F9BFF2FD68A7200A94BEE /* PBXTargetDependency */ = {
			isa = PBXTargetDependency;
			target = 6E6F9BED2FD68A7100A94BEE /* Switchback */;
			targetProxy = 6E6F9BFE2FD68A7200A94BEE /* PBXContainerItemProxy */;
		};
		6E6F9C092FD68A7200A94BEE /* PBXTargetDependency */ = {
			isa = PBXTargetDependency;
			target = 6E6F9BED2FD68A7100A94BEE /* Switchback */;
			targetProxy = 6E6F9C082FD68A7200A94BEE /* PBXContainerItemProxy */;
		};
/* End PBXTargetDependency section */

/* Begin XCBuildConfiguration section */
		6E6F9C0F2FD68A7200A94BEE /* Debug */ = {
			isa = XCBuildConfiguration;
			buildSettings = {
				ALWAYS_SEARCH_USER_PATHS = NO;
				ASSETCATALOG_COMPILER_GENERATE_SWIFT_ASSET_SYMBOL_EXTENSIONS = YES;
				CLANG_ANALYZER_NONNULL = YES;
				CLANG_ANALYZER_NUMBER_OBJECT_CONVERSION = YES_AGGRESSIVE;
				CLANG_CXX_LANGUAGE_STANDARD = "gnu++20";
				CLANG_ENABLE_MODULES = YES;
				CLANG_ENABLE_OBJC_ARC = YES;
				CLANG_ENABLE_OBJC_WEAK = YES;
				CLANG_WARN_BLOCK_CAPTURE_AUTORELEASING = YES;
				CLANG_WARN_BOOL_CONVERSION = YES;
				CLANG_WARN_COMMA = YES;
				CLANG_WARN_CONSTANT_CONVERSION = YES;
				CLANG_WARN_DEPRECATED_OBJC_IMPLEMENTATIONS = YES;
				CLANG_WARN_DIRECT_OBJC_ISA_USAGE = YES_ERROR;
				CLANG_WARN_DOCUMENTATION_COMMENTS = YES;
				CLANG_WARN_EMPTY_BODY = YES;
				CLANG_WARN_ENUM_CONVERSION = YES;
				CLANG_WARN_INFINITE_RECURSION = YES;
				CLANG_WARN_INT_CONVERSION = YES;
				CLANG_WARN_NON_LITERAL_NULL_CONVERSION = YES;
				CLANG_WARN_OBJC_IMPLICIT_RETAIN_SELF = YES;
				CLANG_WARN_OBJC_LITERAL_CONVERSION = YES;
				CLANG_WARN_OBJC_ROOT_CLASS = YES_ERROR;
				CLANG_WARN_QUOTED_INCLUDE_IN_FRAMEWORK_HEADER = YES;
				CLANG_WARN_RANGE_LOOP_ANALYSIS = YES;
				CLANG_WARN_STRICT_PROTOTYPES = YES;
				CLANG_WARN_SUSPICIOUS_MOVE = YES;
				CLANG_WARN_UNGUARDED_AVAILABILITY = YES_AGGRESSIVE;
				CLANG_WARN_UNREACHABLE_CODE = YES;
				CLANG_WARN__DUPLICATE_METHOD_MATCH = YES;
				COPY_PHASE_STRIP = NO;
				DEBUG_INFORMATION_FORMAT = dwarf;
				DEVELOPMENT_TEAM = 7WCH78FX92;
				ENABLE_STRICT_OBJC_MSGSEND = YES;
				ENABLE_TESTABILITY = YES;
				ENABLE_USER_SCRIPT_SANDBOXING = YES;
				GCC_C_LANGUAGE_STANDARD = gnu17;
				GCC_DYNAMIC_NO_PIC = NO;
				GCC_NO_COMMON_BLOCKS = YES;
				GCC_OPTIMIZATION_LEVEL = 0;
				GCC_PREPROCESSOR_DEFINITIONS = (
					"DEBUG=1",
					"$(inherited)",
				);
				GCC_WARN_64_TO_32_BIT_CONVERSION = YES;
				GCC_WARN_ABOUT_RETURN_TYPE = YES_ERROR;
				GCC_WARN_UNDECLARED_SELECTOR = YES;
				GCC_WARN_UNINITIALIZED_AUTOS = YES_AGGRESSIVE;
				GCC_WARN_UNUSED_FUNCTION = YES;
				GCC_WARN_UNUSED_VARIABLE = YES;
				IPHONEOS_DEPLOYMENT_TARGET = 26.5;
				LOCALIZATION_PREFERS_STRING_CATALOGS = YES;
				MTL_ENABLE_DEBUG_INFO = INCLUDE_SOURCE;
				MTL_FAST_MATH = YES;
				ONLY_ACTIVE_ARCH = YES;
				SDKROOT = iphoneos;
				STRING_CATALOG_GENERATE_SYMBOLS = YES;
				SWIFT_ACTIVE_COMPILATION_CONDITIONS = "DEBUG $(inherited)";
				SWIFT_OPTIMIZATION_LEVEL = "-Onone";
			};
			name = Debug;
		};
		6E6F9C102FD68A7200A94BEE /* Release */ = {
			isa = XCBuildConfiguration;
			buildSettings = {
				ALWAYS_SEARCH_USER_PATHS = NO;
				ASSETCATALOG_COMPILER_GENERATE_SWIFT_ASSET_SYMBOL_EXTENSIONS = YES;
				CLANG_ANALYZER_NONNULL = YES;
				CLANG_ANALYZER_NUMBER_OBJECT_CONVERSION = YES_AGGRESSIVE;
				CLANG_CXX_LANGUAGE_STANDARD = "gnu++20";
				CLANG_ENABLE_MODULES = YES;
				CLANG_ENABLE_OBJC_ARC = YES;
				CLANG_ENABLE_OBJC_WEAK = YES;
				CLANG_WARN_BLOCK_CAPTURE_AUTORELEASING = YES;
				CLANG_WARN_BOOL_CONVERSION = YES;
				CLANG_WARN_COMMA = YES;
				CLANG_WARN_CONSTANT_CONVERSION = YES;
				CLANG_WARN_DEPRECATED_OBJC_IMPLEMENTATIONS = YES;
				CLANG_WARN_DIRECT_OBJC_ISA_USAGE = YES_ERROR;
				CLANG_WARN_DOCUMENTATION_COMMENTS = YES;
				CLANG_WARN_EMPTY_BODY = YES;
				CLANG_WARN_ENUM_CONVERSION = YES;
				CLANG_WARN_INFINITE_RECURSION = YES;
				CLANG_WARN_INT_CONVERSION = YES;
				CLANG_WARN_NON_LITERAL_NULL_CONVERSION = YES;
				CLANG_WARN_OBJC_IMPLICIT_RETAIN_SELF = YES;
				CLANG_WARN_OBJC_LITERAL_CONVERSION = YES;
				CLANG_WARN_OBJC_ROOT_CLASS = YES_ERROR;
				CLANG_WARN_QUOTED_INCLUDE_IN_FRAMEWORK_HEADER = YES;
				CLANG_WARN_RANGE_LOOP_ANALYSIS = YES;
				CLANG_WARN_STRICT_PROTOTYPES = YES;
				CLANG_WARN_SUSPICIOUS_MOVE = YES;
				CLANG_WARN_UNGUARDED_AVAILABILITY = YES_AGGRESSIVE;
				CLANG_WARN_UNREACHABLE_CODE = YES;
				CLANG_WARN__DUPLICATE_METHOD_MATCH = YES;
				COPY_PHASE_STRIP = NO;
				DEBUG_INFORMATION_FORMAT = "dwarf-with-dsym";
				DEVELOPMENT_TEAM = 7WCH78FX92;
				ENABLE_NS_ASSERTIONS = NO;
				ENABLE_STRICT_OBJC_MSGSEND = YES;
				ENABLE_USER_SCRIPT_SANDBOXING = YES;
				GCC_C_LANGUAGE_STANDARD = gnu17;
				GCC_NO_COMMON_BLOCKS = YES;
				GCC_WARN_64_TO_32_BIT_CONVERSION = YES;
				GCC_WARN_ABOUT_RETURN_TYPE = YES_ERROR;
				GCC_WARN_UNDECLARED_SELECTOR = YES;
				GCC_WARN_UNINITIALIZED_AUTOS = YES_AGGRESSIVE;
				GCC_WARN_UNUSED_FUNCTION = YES;
				GCC_WARN_UNUSED_VARIABLE = YES;
				IPHONEOS_DEPLOYMENT_TARGET = 26.5;
				LOCALIZATION_PREFERS_STRING_CATALOGS = YES;
				MTL_ENABLE_DEBUG_INFO = NO;
				MTL_FAST_MATH = YES;
				SDKROOT = iphoneos;
				STRING_CATALOG_GENERATE_SYMBOLS = YES;
				SWIFT_COMPILATION_MODE = wholemodule;
				VALIDATE_PRODUCT = YES;
			};
			name = Release;
		};
		6E6F9C122FD68A7200A94BEE /* Debug */ = {
			isa = XCBuildConfiguration;
			buildSettings = {
				ASSETCATALOG_COMPILER_APPICON_NAME = "Switchback Icon";
				ASSETCATALOG_COMPILER_GLOBAL_ACCENT_COLOR_NAME = AccentColor;
				ASSETCATALOG_COMPILER_INCLUDE_ALL_APPICON_ASSETS = YES;
				CODE_SIGN_STYLE = Automatic;
				CURRENT_PROJECT_VERSION = 1;
				DEVELOPMENT_TEAM = 7WCH78FX92;
				ENABLE_PREVIEWS = YES;
				GENERATE_INFOPLIST_FILE = YES;
				INFOPLIST_FILE = "DrivingStats-Info.plist";
				INFOPLIST_KEY_CFBundleDisplayName = Switchback;
				INFOPLIST_KEY_LSApplicationCategoryType = "public.app-category.navigation";
				INFOPLIST_KEY_NSLocationAlwaysAndWhenInUseUsageDescription = "This allows DrivingStats to use your current heading and location";
				INFOPLIST_KEY_NSLocationWhenInUseUsageDescription = "This allows DrivingStats to use your current heading and location.";
				INFOPLIST_KEY_UIApplicationSceneManifest_Generation = YES;
				INFOPLIST_KEY_UIApplicationSupportsIndirectInputEvents = YES;
				INFOPLIST_KEY_UILaunchScreen_Generation = YES;
				INFOPLIST_KEY_UISupportedInterfaceOrientations = "UIInterfaceOrientationLandscapeLeft UIInterfaceOrientationLandscapeRight UIInterfaceOrientationPortrait";
				INFOPLIST_KEY_UISupportedInterfaceOrientations_iPad = "UIInterfaceOrientationLandscapeLeft UIInterfaceOrientationLandscapeRight UIInterfaceOrientationPortrait UIInterfaceOrientationPortraitUpsideDown";
				IPHONEOS_DEPLOYMENT_TARGET = 26.1;
				LD_RUNPATH_SEARCH_PATHS = (
					"$(inherited)",
					"@executable_path/Frameworks",
				);
				MARKETING_VERSION = 0.1;
				PRODUCT_BUNDLE_IDENTIFIER = dev.PierceOxley.Switchback;
				PRODUCT_NAME = "$(TARGET_NAME)";
				STRING_CATALOG_GENERATE_SYMBOLS = YES;
				SWIFT_APPROACHABLE_CONCURRENCY = YES;
				SWIFT_DEFAULT_ACTOR_ISOLATION = MainActor;
				SWIFT_EMIT_LOC_STRINGS = YES;
				SWIFT_UPCOMING_FEATURE_MEMBER_IMPORT_VISIBILITY = YES;
				SWIFT_VERSION = 5.0;
				TARGETED_DEVICE_FAMILY = "1,2";
			};
			name = Debug;
		};
		6E6F9C132FD68A7200A94BEE /* Release */ = {
			isa = XCBuildConfiguration;
			buildSettings = {
				ASSETCATALOG_COMPILER_APPICON_NAME = "Switchback Icon";
				ASSETCATALOG_COMPILER_GLOBAL_ACCENT_COLOR_NAME = AccentColor;
				ASSETCATALOG_COMPILER_INCLUDE_ALL_APPICON_ASSETS = YES;
				CODE_SIGN_STYLE = Automatic;
				CURRENT_PROJECT_VERSION = 1;
				DEVELOPMENT_TEAM = 7WCH78FX92;
				ENABLE_PREVIEWS = YES;
				GENERATE_INFOPLIST_FILE = YES;
				INFOPLIST_FILE = "DrivingStats-Info.plist";
				INFOPLIST_KEY_CFBundleDisplayName = Switchback;
				INFOPLIST_KEY_LSApplicationCategoryType = "public.app-category.navigation";
				INFOPLIST_KEY_NSLocationAlwaysAndWhenInUseUsageDescription = "This allows DrivingStats to use your current heading and location";
				INFOPLIST_KEY_NSLocationWhenInUseUsageDescription = "This allows DrivingStats to use your current heading and location.";
				INFOPLIST_KEY_UIApplicationSceneManifest_Generation = YES;
				INFOPLIST_KEY_UIApplicationSupportsIndirectInputEvents = YES;
				INFOPLIST_KEY_UILaunchScreen_Generation = YES;
				INFOPLIST_KEY_UISupportedInterfaceOrientations = "UIInterfaceOrientationLandscapeLeft UIInterfaceOrientationLandscapeRight UIInterfaceOrientationPortrait";
				INFOPLIST_KEY_UISupportedInterfaceOrientations_iPad = "UIInterfaceOrientationLandscapeLeft UIInterfaceOrientationLandscapeRight UIInterfaceOrientationPortrait UIInterfaceOrientationPortraitUpsideDown";
				IPHONEOS_DEPLOYMENT_TARGET = 26.1;
				LD_RUNPATH_SEARCH_PATHS = (
					"$(inherited)",
					"@executable_path/Frameworks",
				);
				MARKETING_VERSION = 0.1;
				PRODUCT_BUNDLE_IDENTIFIER = dev.PierceOxley.Switchback;
				PRODUCT_NAME = "$(TARGET_NAME)";
				STRING_CATALOG_GENERATE_SYMBOLS = YES;
				SWIFT_APPROACHABLE_CONCURRENCY = YES;
				SWIFT_DEFAULT_ACTOR_ISOLATION = MainActor;
				SWIFT_EMIT_LOC_STRINGS = YES;
				SWIFT_UPCOMING_FEATURE_MEMBER_IMPORT_VISIBILITY = YES;
				SWIFT_VERSION = 5.0;
				TARGETED_DEVICE_FAMILY = "1,2";
			};
			name = Release;
		};
		6E6F9C152FD68A7200A94BEE /* Debug */ = {
			isa = XCBuildConfiguration;
			buildSettings = {
				BUNDLE_LOADER = "$(TEST_HOST)";
				CODE_SIGN_STYLE = Automatic;
				CURRENT_PROJECT_VERSION = 1;
				DEVELOPMENT_TEAM = 7WCH78FX92;
				GENERATE_INFOPLIST_FILE = YES;
				IPHONEOS_DEPLOYMENT_TARGET = 26.5;
				MARKETING_VERSION = 1.0;
				PRODUCT_BUNDLE_IDENTIFIER = dev.PierceOxley.DriverStatsTests;
				PRODUCT_NAME = "$(TARGET_NAME)";
				STRING_CATALOG_GENERATE_SYMBOLS = NO;
				SWIFT_APPROACHABLE_CONCURRENCY = YES;
				SWIFT_EMIT_LOC_STRINGS = NO;
				SWIFT_UPCOMING_FEATURE_MEMBER_IMPORT_VISIBILITY = YES;
				SWIFT_VERSION = 5.0;
				TARGETED_DEVICE_FAMILY = "1,2";
				TEST_HOST = "$(BUILT_PRODUCTS_DIR)/DrivingStats.app/$(BUNDLE_EXECUTABLE_FOLDER_PATH)/DrivingStats";
			};
			name = Debug;
		};
		6E6F9C162FD68A7200A94BEE /* Release */ = {
			isa = XCBuildConfiguration;
			buildSettings = {
				BUNDLE_LOADER = "$(TEST_HOST)";
				CODE_SIGN_STYLE = Automatic;
				CURRENT_PROJECT_VERSION = 1;
				DEVELOPMENT_TEAM = 7WCH78FX92;
				GENERATE_INFOPLIST_FILE = YES;
				IPHONEOS_DEPLOYMENT_TARGET = 26.5;
				MARKETING_VERSION = 1.0;
				PRODUCT_BUNDLE_IDENTIFIER = dev.PierceOxley.DriverStatsTests;
				PRODUCT_NAME = "$(TARGET_NAME)";
				STRING_CATALOG_GENERATE_SYMBOLS = NO;
				SWIFT_APPROACHABLE_CONCURRENCY = YES;
				SWIFT_EMIT_LOC_STRINGS = NO;
				SWIFT_UPCOMING_FEATURE_MEMBER_IMPORT_VISIBILITY = YES;
				SWIFT_VERSION = 5.0;
				TARGETED_DEVICE_FAMILY = "1,2";
				TEST_HOST = "$(BUILT_PRODUCTS_DIR)/DrivingStats.app/$(BUNDLE_EXECUTABLE_FOLDER_PATH)/DrivingStats";
			};
			name = Release;
		};
		6E6F9C182FD68A7200A94BEE /* Debug */ = {
			isa = XCBuildConfiguration;
			buildSettings = {
				CODE_SIGN_STYLE = Automatic;
				CURRENT_PROJECT_VERSION = 1;
				DEVELOPMENT_TEAM = 7WCH78FX92;
				GENERATE_INFOPLIST_FILE = YES;
				MARKETING_VERSION = 1.0;
				PRODUCT_BUNDLE_IDENTIFIER = dev.PierceOxley.DriverStatsUITests;
				PRODUCT_NAME = "$(TARGET_NAME)";
				STRING_CATALOG_GENERATE_SYMBOLS = NO;
				SWIFT_APPROACHABLE_CONCURRENCY = YES;
				SWIFT_EMIT_LOC_STRINGS = NO;
				SWIFT_UPCOMING_FEATURE_MEMBER_IMPORT_VISIBILITY = YES;
				SWIFT_VERSION = 5.0;
				TARGETED_DEVICE_FAMILY = "1,2";
				TEST_TARGET_NAME = DriverStats;
			};
			name = Debug;
		};
		6E6F9C192FD68A7200A94BEE /* Release */ = {
			isa = XCBuildConfiguration;
			buildSettings = {
				CODE_SIGN_STYLE = Automatic;
				CURRENT_PROJECT_VERSION = 1;
				DEVELOPMENT_TEAM = 7WCH78FX92;
				GENERATE_INFOPLIST_FILE = YES;
				MARKETING_VERSION = 1.0;
				PRODUCT_BUNDLE_IDENTIFIER = dev.PierceOxley.DriverStatsUITests;
				PRODUCT_NAME = "$(TARGET_NAME)";
				STRING_CATALOG_GENERATE_SYMBOLS = NO;
				SWIFT_APPROACHABLE_CONCURRENCY = YES;
				SWIFT_EMIT_LOC_STRINGS = NO;
				SWIFT_UPCOMING_FEATURE_MEMBER_IMPORT_VISIBILITY = YES;
				SWIFT_VERSION = 5.0;
				TARGETED_DEVICE_FAMILY = "1,2";
				TEST_TARGET_NAME = DriverStats;
			};
			name = Release;
		};
/* End XCBuildConfiguration section */

/* Begin XCConfigurationList section */
		6E6F9BE92FD68A7100A94BEE /* Build configuration list for PBXProject "Switchback" */ = {
			isa = XCConfigurationList;
			buildConfigurations = (
				6E6F9C0F2FD68A7200A94BEE /* Debug */,
				6E6F9C102FD68A7200A94BEE /* Release */,
			);
			defaultConfigurationIsVisible = 0;
			defaultConfigurationName = Release;
		};
		6E6F9C112FD68A7200A94BEE /* Build configuration list for PBXNativeTarget "Switchback" */ = {
			isa = XCConfigurationList;
			buildConfigurations = (
				6E6F9C122FD68A7200A94BEE /* Debug */,
				6E6F9C132FD68A7200A94BEE /* Release */,
			);
			defaultConfigurationIsVisible = 0;
			defaultConfigurationName = Release;
		};
		6E6F9C142FD68A7200A94BEE /* Build configuration list for PBXNativeTarget "SwitchbackTests" */ = {
			isa = XCConfigurationList;
			buildConfigurations = (
				6E6F9C152FD68A7200A94BEE /* Debug */,
				6E6F9C162FD68A7200A94BEE /* Release */,
			);
			defaultConfigurationIsVisible = 0;
			defaultConfigurationName = Release;
		};
		6E6F9C172FD68A7200A94BEE /* Build configuration list for PBXNativeTarget "SwitchbackUITests" */ = {
			isa = XCConfigurationList;
			buildConfigurations = (
				6E6F9C182FD68A7200A94BEE /* Debug */,
				6E6F9C192FD68A7200A94BEE /* Release */,
			);
			defaultConfigurationIsVisible = 0;
			defaultConfigurationName = Release;
		};
/* End XCConfigurationList section */
	};
	rootObject = 6E6F9BE62FD68A7100A94BEE /* Project object */;
}
